# @generated - this file is auto-generated by `mise lock` https://mise.jdx.dev/dev-tools/mise-lock.html

lockfile_version = 3

[[tools.elixir]]
version = "1.20.4-otp-29"
backend = "core:elixir"
specifiers = ["1.20.4-otp-29"]

[tools.elixir."platforms.linux-arm64"]
checksum = "sha256:7863c546cda13fecc949e562e326042451dacf8fd8698a36783cb71eeb223b46"
url = "https://builds.hex.pm/builds/elixir/v1.20.4-otp-29.zip"

[tools.elixir."platforms.linux-arm64-musl"]
checksum = "sha256:7863c546cda13fecc949e562e326042451dacf8fd8698a36783cb71eeb223b46"
url = "https://builds.hex.pm/builds/elixir/v1.20.4-otp-29.zip"

[tools.elixir."platforms.linux-x64"]
checksum = "sha256:7863c546cda13fecc949e562e326042451dacf8fd8698a36783cb71eeb223b46"
url = "https://builds.hex.pm/builds/elixir/v1.20.4-otp-29.zip"

[tools.elixir."platforms.linux-x64-musl"]
checksum = "sha256:7863c546cda13fecc949e562e326042451dacf8fd8698a36783cb71eeb223b46"
url = "https://builds.hex.pm/builds/elixir/v1.20.4-otp-29.zip"

[tools.elixir."platforms.macos-arm64"]
checksum = "sha256:7863c546cda13fecc949e562e326042451dacf8fd8698a36783cb71eeb223b46"
url = "https://builds.hex.pm/builds/elixir/v1.20.4-otp-29.zip"

[tools.elixir."platforms.macos-x64"]
checksum = "sha256:7863c546cda13fecc949e562e326042451dacf8fd8698a36783cb71eeb223b46"
url = "https://builds.hex.pm/builds/elixir/v1.20.4-otp-29.zip"

[tools.elixir."platforms.windows-x64"]
checksum = "blake3:cfddef5f170efc103420c845ee627c6eb80f9b61c25691d50bc99fec0738b560"
url = "https://builds.hex.pm/builds/elixir/v1.20.4-otp-29.zip"

[[tools.erlang]]
version = "29.1.1"
backend = "core:erlang"
specifiers = ["29.1.1"]

[tools.erlang.options]
compile = "false"

[tools.erlang."platforms.macos-arm64"]
checksum = "sha256:0e80f209b06d9d13cf3b5f7c07228d9561aff983e6e55ea9c8ebda085db286cc"
url = "https://github.com/erlef/otp_builds/releases/download/OTP-29.1.1/otp-aarch64-apple-darwin.tar.gz"
url_api = "https://api.github.com/repos/erlef/otp_builds/releases/assets/580922715"

[tools.erlang."platforms.macos-x64"]
checksum = "sha256:474373887e7a3395bbe033353be74113a59cfc9f3d1565ca740972c3b7c02aa0"
url = "https://github.com/erlef/otp_builds/releases/download/OTP-29.1.1/otp-x86_64-apple-darwin.tar.gz"
url_api = "https://api.github.com/repos/erlef/otp_builds/releases/assets/580936007"

[tools.erlang."platforms.windows-x64"]
checksum = "sha256:337480af988eca993c2e98b68850f00fc6724d366346565e38941ac0d1b7c56b"
url = "https://github.com/erlang/otp/releases/download/OTP-29.1.1/otp_win64_29.1.1.zip"

[[tools.erlang]]
version = "29.1.1"
backend = "core:erlang"

[tools.erlang.options]
compile = "false"
precompiled_os = "ubuntu-24.04"

[tools.erlang."platforms.linux-arm64"]
checksum = "sha256:734946b92e9caf9866c2ee841f1d987cfa625cbee051a87ba4f3eaa8cab0fc7f"
url = "https://builds.hex.pm/builds/otp/arm64/ubuntu-24.04/OTP-29.1.1.tar.gz"

[tools.erlang."platforms.linux-x64"]
checksum = "sha256:35186bdae840028df621d14f3a75c68eb52eea90fabd500f7946a5d74bdaf11b"
url = "https://builds.hex.pm/builds/otp/amd64/ubuntu-24.04/OTP-29.1.1.tar.gz"

[[tools.rust]]
version = "1.98.1"
backend = "core:rust"
specifiers = ["1.98.1"]
